
Microsoft Visual Studio Solution File, Format Version 12.00
# Visual Studio Version 16
VisualStudioVersion = 16.0.32428.217
MinimumVisualStudioVersion = 10.0.40219.1
Project("{FAE04EC0-301F-11D3-BF4B-00C04F79EFBC}") = "day01_02", "day01_02\day01_02.csproj", "{76BE2F5F-35C4-44E2-A8F3-671C5417DB18}"
EndProject
Global
	GlobalSection(SolutionConfigurationPlatforms) = preSolution
		Debug|Any CPU = Debug|Any CPU
		Release|Any CPU = Release|Any CPU
	EndGlobalSection
	GlobalSection(ProjectConfigurationPlatforms) = postSolution
		{76BE2F5F-35C4-44E2-A8F3-671C5417DB18}.Debug|Any CPU.ActiveCfg = Debug|Any CPU
		{76BE2F5F-35C4-44E2-A8F3-671C5417DB18}.Debug|Any CPU.Build.0 = Debug|Any CPU
		{76BE2F5F-35C4-44E2-A8F3-671C5417DB18}.Release|Any CPU.ActiveCfg = Release|Any CPU
		{76BE2F5F-35C4-44E2-A8F3-671C5417DB18}.Release|Any CPU.Build.0 = Release|Any CPU
	EndGlobalSection
	GlobalSection(SolutionProperties) = preSolution
		HideSolutionNode = FALSE
	EndGlobalSection
	GlobalSection(ExtensibilityGlobals) = postSolution
		SolutionGuid = {F4F642D7-D35C-4327-B935-B8DFFB26CA1E}
	EndGlobalSection
EndGlobal
